
Microsoft Visual Studio Solution File, Format Version 12.00
# Visual Studio Version 16
VisualStudioVersion = 16.0.31729.503
MinimumVisualStudioVersion = 10.0.40219.1
Project("{FAE04EC0-301F-11D3-BF4B-00C04F79EFBC}") = "calculator", "calculator\calculator.csproj", "{92A57ACA-F6CF-4AC0-822C-2C5D9CABCDF4}"
EndProject
Global
	GlobalSection(SolutionConfigurationPlatforms) = preSolution
		Debug|Any CPU = Debug|Any CPU
		Release|Any CPU = Release|Any CPU
	EndGlobalSection
	GlobalSection(ProjectConfigurationPlatforms) = postSolution
		{92A57ACA-F6CF-4AC0-822C-2C5D9CABCDF4}.Debug|Any CPU.ActiveCfg = Debug|Any CPU
		{92A57ACA-F6CF-4AC0-822C-2C5D9CABCDF4}.Debug|Any CPU.Build.0 = Debug|Any CPU
		{92A57ACA-F6CF-4AC0-822C-2C5D9CABCDF4}.Release|Any CPU.ActiveCfg = Release|Any CPU
		{92A57ACA-F6CF-4AC0-822C-2C5D9CABCDF4}.Release|Any CPU.Build.0 = Release|Any CPU
	EndGlobalSection
	GlobalSection(SolutionProperties) = preSolution
		HideSolutionNode = FALSE
	EndGlobalSection
	GlobalSection(ExtensibilityGlobals) = postSolution
		SolutionGuid = {AF34ACF1-5579-4C5F-BEDE-4EAE0E3275F2}
	EndGlobalSection
EndGlobal
